# This file is autogenerated, do not edit; changes may be undone by the next 'dep ensure'.


[[projects]]
  branch = "master"
  name = "github.com/gonum/blas"
  packages = [".","blas64","native","native/internal/math32"]
  revision = "e7c5890b24cf6f3bb173f76e1bd71e80e887e3f9"

[[projects]]
  branch = "master"
  name = "github.com/gonum/floats"
  packages = ["."]
  revision = "7de1f4ea7ab57890bfd427af68c7994cd67975d4"

[[projects]]
  branch = "master"
  name = "github.com/gonum/internal"
  packages = ["asm/f32","asm/f64"]
  revision = "fda53f8d25717c07e2dac25758075a182bd74235"

[[projects]]
  branch = "master"
  name = "github.com/gonum/lapack"
  packages = [".","lapack64","native"]
  revision = "f0b8b25edeceafb3a2752941c7bf0cda962df112"

[[projects]]
  branch = "master"
  name = "github.com/gonum/matrix"
  packages = [".","mat64"]
  revision = "a41cc49d4c29f7451775f4379a5cc6ec6239dfab"

[[projects]]
  branch = "master"
  name = "github.com/gordonklaus/portaudio"
  packages = ["."]
  revision = "e66c30a9c4ca11f93538cf8c004831bfb76f3838"

[[projects]]
  branch = "master"
  name = "github.com/mjibson/go-dsp"
  packages = ["dsputils","fft","wav"]
  revision = "49dba83727078f13a0e99553e0f8140990115ac9"

[[projects]]
  branch = "master"
  name = "github.com/stevenmiller888/go-mind"
  packages = ["."]
  revision = "8f3cb414395b71406c41ce8601be74324e3340dc"

[[projects]]
  branch = "master"
  name = "github.com/youpy/go-riff"
  packages = ["."]
  revision = "557d78c11efbdcdf178bf52723cfba91f02e0bb2"

[[projects]]
  branch = "master"
  name = "github.com/youpy/go-wav"
  packages = ["."]
  revision = "b63a9887d320becede259f24ba8ba7b2459659da"

[solve-meta]
  analyzer-name = "dep"
  analyzer-version = 1
  inputs-digest = "7080c475cc9d5f185b403579c242560d70a93b86c4914e6670a2775cd3c71c65"
  solver-name = "gps-cdcl"
  solver-version = 1
